// !$*UTF8*$!
{
	archiveVersion = 1;
	classes = {
	};
	objectVersion = 55;
	objects = {

/* Begin PBXBuildFile section */
		DB1B1CE428CDC20100EA29C3 /* SeguePushViewController.swift in Sources */ = {isa = PBXBuildFile; fileRef = DB1B1CE328CDC20100EA29C3 /* SeguePushViewController.swift */; };
		DB1B1CE628CDC42C00EA29C3 /* SeguePresentViewController.swift in Sources */ = {isa = PBXBuildFile; fileRef = DB1B1CE528CDC42C00EA29C3 /* SeguePresentViewController.swift */; };
		DB1B1CE828CDC6F000EA29C3 /* CodePushViewController.swift in Sources */ = {isa = PBXBuildFile; fileRef = DB1B1CE728CDC6F000EA29C3 /* CodePushViewController.swift */; };
		DB1B1CEA28CDCFDB00EA29C3 /* CodePresentViewController.swift in Sources */ = {isa = PBXBuildFile; fileRef = DB1B1CE928CDCFDB00EA29C3 /* CodePresentViewController.swift */; };
		DB80CD5328CDB9880059799D /* AppDelegate.swift in Sources */ = {isa = PBXBuildFile; fileRef = DB80CD5228CDB9880059799D /* AppDelegate.swift */; };
		DB80CD5528CDB9880059799D /* SceneDelegate.swift in Sources */ = {isa = PBXBuildFile; fileRef = DB80CD5428CDB9880059799D /* SceneDelegate.swift */; };
		DB80CD5728CDB9880059799D /* ViewController.swift in Sources */ = {isa = PBXBuildFile; fileRef = DB80CD5628CDB9880059799D /* ViewController.swift */; };
		DB80CD5A28CDB9880059799D /* Main.storyboard in Resources */ = {isa = PBXBuildFile; fileRef = DB80CD5828CDB9880059799D /* Main.storyboard */; };
		DB80CD5C28CDB98A0059799D /* Assets.xcassets in Resources */ = {isa = PBXBuildFile; fileRef = DB80CD5B28CDB98A0059799D /* Assets.xcassets */; };
		DB80CD5F28CDB98A0059799D /* LaunchScreen.storyboard in Resources */ = {isa = PBXBuildFile; fileRef = DB80CD5D28CDB98A0059799D /* LaunchScreen.storyboard */; };
/* End PBXBuildFile section */

/* Begin PBXFileReference section */
		DB1B1CE328CDC20100EA29C3 /* SeguePushViewController.swift */ = {isa = PBXFileReference; lastKnownFileType = sourcecode.swift; path = SeguePushViewController.swift; sourceTree = "<group>"; };
		DB1B1CE528CDC42C00EA29C3 /* SeguePresentViewController.swift */ = {isa = PBXFileReference; lastKnownFileType = sourcecode.swift; path = SeguePresentViewController.swift; sourceTree = SOURCE_ROOT; };
		DB1B1CE728CDC6F000EA29C3 /* CodePushViewController.swift */ = {isa = PBXFileReference; lastKnownFileType = sourcecode.swift; path = CodePushViewController.swift; sourceTree = SOURCE_ROOT; };
		DB1B1CE928CDCFDB00EA29C3 /* CodePresentViewController.swift */ = {isa = PBXFileReference; lastKnownFileType = sourcecode.swift; path = CodePresentViewController.swift; sourceTree = SOURCE_ROOT; };
		DB80CD4F28CDB9880059799D /* Test11.app */ = {isa = PBXFileReference; explicitFileType = wrapper.application; includeInIndex = 0; path = Test11.app; sourceTree = BUILT_PRODUCTS_DIR; };
		DB80CD5228CDB9880059799D /* AppDelegate.swift */ = {isa = PBXFileReference; lastKnownFileType = sourcecode.swift; path = AppDelegate.swift; sourceTree = "<group>"; };
		DB80CD5428CDB9880059799D /* SceneDelegate.swift */ = {isa = PBXFileReference; lastKnownFileType = sourcecode.swift; path = SceneDelegate.swift; sourceTree = "<group>"; };
		DB80CD5628CDB9880059799D /* ViewController.swift */ = {isa = PBXFileReference; lastKnownFileType = sourcecode.swift; path = ViewController.swift; sourceTree = "<group>"; };
		DB80CD5928CDB9880059799D /* Base */ = {isa = PBXFileReference; lastKnownFileType = file.storyboard; name = Base; path = Base.lproj/Main.storyboard; sourceTree = "<group>"; };
		DB80CD5B28CDB98A0059799D /* Assets.xcassets */ = {isa = PBXFileReference; lastKnownFileType = folder.assetcatalog; path = Assets.xcassets; sourceTree = "<group>"; };
		DB80CD5E28CDB98A0059799D /* Base */ = {isa = PBXFileReference; lastKnownFileType = file.storyboard; name = Base; path = Base.lproj/LaunchScreen.storyboard; sourceTree = "<group>"; };
		DB80CD6028CDB98A0059799D /* Info.plist */ = {isa = PBXFileReference; lastKnownFileType = text.plist.xml; path = Info.plist; sourceTree = "<group>"; };
/* End PBXFileReference section */

/* Begin PBXFrameworksBuildPhase section */
		DB80CD4C28CDB9880059799D /* Frameworks */ = {
			isa = PBXFrameworksBuildPhase;
			buildActionMask = 2147483647;
			files = (
			);
			runOnlyForDeploymentPostprocessing = 0;
		};
/* End PBXFrameworksBuildPhase section */

/* Begin PBXGroup section */
		DB80CD4628CDB9880059799D = {
			isa = PBXGroup;
			children = (
				DB80CD5128CDB9880059799D /* Test11 */,
				DB80CD5028CDB9880059799D /* Products */,
			);
			sourceTree = "<group>";
		};
		DB80CD5028CDB9880059799D /* Products */ = {
			isa = PBXGroup;
			children = (
				DB80CD4F28CDB9880059799D /* Test11.app */,
			);
			name = Products;
			sourceTree = "<group>";
		};
		DB80CD5128CDB9880059799D /* Test11 */ = {
			isa = PBXGroup;
			children = (
				DB1B1CE928CDCFDB00EA29C3 /* CodePresentViewController.swift */,
				DB1B1CE728CDC6F000EA29C3 /* CodePushViewController.swift */,
				DB1B1CE528CDC42C00EA29C3 /* SeguePresentViewController.swift */,
				DB1B1CE328CDC20100EA29C3 /* SeguePushViewController.swift */,
				DB80CD5228CDB9880059799D /* AppDelegate.swift */,
				DB80CD5428CDB9880059799D /* SceneDelegate.swift */,
				DB80CD5628CDB9880059799D /* ViewController.swift */,
				DB80CD5828CDB9880059799D /* Main.storyboard */,
				DB80CD5B28CDB98A0059799D /* Assets.xcassets */,
				DB80CD5D28CDB98A0059799D /* LaunchScreen.storyboard */,
				DB80CD6028CDB98A0059799D /* Info.plist */,
			);
			path = Test11;
			sourceTree = "<group>";
		};
/* End PBXGroup section */

/* Begin PBXNativeTarget section */
		DB80CD4E28CDB9880059799D /* Test11 */ = {
			isa = PBXNativeTarget;
			buildConfigurationList = DB80CD6328CDB98A0059799D /* Build configuration list for PBXNativeTarget "Test11" */;
			buildPhases = (
				DB80CD4B28CDB9880059799D /* Sources */,
				DB80CD4C28CDB9880059799D /* Frameworks */,
				DB80CD4D28CDB9880059799D /* Resources */,
			);
			buildRules = (
			);
			dependencies = (
			);
			name = Test11;
			productName = Test11;
			productReference = DB80CD4F28CDB9880059799D /* Test11.app */;
			productType = "com.apple.product-type.application";
		};
/* End PBXNativeTarget section */

/* Begin PBXProject section */
		DB80CD4728CDB9880059799D /* Project object */ = {
			isa = PBXProject;
			attributes = {
				BuildIndependentTargetsInParallel = 1;
				LastSwiftUpdateCheck = 1340;
				LastUpgradeCheck = 1340;
				TargetAttributes = {
					DB80CD4E28CDB9880059799D = {
						CreatedOnToolsVersion = 13.4.1;
					};
				};
			};
			buildConfigurationList = DB80CD4A28CDB9880059799D /* Build configuration list for PBXProject "Test11" */;
			compatibilityVersion = "Xcode 13.0";
			developmentRegion = en;
			hasScannedForEncodings = 0;
			knownRegions = (
				en,
				Base,
			);
			mainGroup = DB80CD4628CDB9880059799D;
			productRefGroup = DB80CD5028CDB9880059799D /* Products */;
			projectDirPath = "";
			projectRoot = "";
			targets = (
				DB80CD4E28CDB9880059799D /* Test11 */,
			);
		};
/* End PBXProject section */

/* Begin PBXResourcesBuildPhase section */
		DB80CD4D28CDB9880059799D /* Resources */ = {
			isa = PBXResourcesBuildPhase;
			buildActionMask = 2147483647;
			files = (
				DB80CD5F28CDB98A0059799D /* LaunchScreen.storyboard in Resources */,
				DB80CD5C28CDB98A0059799D /* Assets.xcassets in Resources */,
				DB80CD5A28CDB9880059799D /* Main.storyboard in Resources */,
			);
			runOnlyForDeploymentPostprocessing = 0;
		};
/* End PBXResourcesBuildPhase section */

/* Begin PBXSourcesBuildPhase section */
		DB80CD4B28CDB9880059799D /* Sources */ = {
			isa = PBXSourcesBuildPhase;
			buildActionMask = 2147483647;
			files = (
				DB1B1CE428CDC20100EA29C3 /* SeguePushViewController.swift in Sources */,
				DB1B1CE828CDC6F000EA29C3 /* CodePushViewController.swift in Sources */,
				DB80CD5728CDB9880059799D /* ViewController.swift in Sources */,
				DB80CD5328CDB9880059799D /* AppDelegate.swift in Sources */,
				DB1B1CEA28CDCFDB00EA29C3 /* CodePresentViewController.swift in Sources */,
				DB1B1CE628CDC42C00EA29C3 /* SeguePresentViewController.swift in Sources */,
				DB80CD5528CDB9880059799D /* SceneDelegate.swift in Sources */,
			);
			runOnlyForDeploymentPostprocessing = 0;
		};
/* End PBXSourcesBuildPhase section */

/* Begin PBXVariantGroup section */
		DB80CD5828CDB9880059799D /* Main.storyboard */ = {
			isa = PBXVariantGroup;
			children = (
				DB80CD5928CDB9880059799D /* Base */,
			);
			name = Main.storyboard;
			sourceTree = "<group>";
		};
		DB80CD5D28CDB98A0059799D /* LaunchScreen.storyboard */ = {
			isa = PBXVariantGroup;
			children = (
				DB80CD5E28CDB98A0059799D /* Base */,
			);
			name = LaunchScreen.storyboard;
			sourceTree = "<group>";
		};
/* End PBXVariantGroup section */

/* Begin XCBuildConfiguration section */
		DB80CD6128CDB98A0059799D /* Debug */ = {
			isa = XCBuildConfiguration;
			buildSettings = {
				ALWAYS_SEARCH_USER_PATHS = NO;
				CLANG_ANALYZER_NONNULL = YES;
				CLANG_ANALYZER_NUMBER_OBJECT_CONVERSION = YES_AGGRESSIVE;
				CLANG_CXX_LANGUAGE_STANDARD = "gnu++17";
				CLANG_ENABLE_MODULES = YES;
				CLANG_ENABLE_OBJC_ARC = YES;
				CLANG_ENABLE_OBJC_WEAK = YES;
				CLANG_WARN_BLOCK_CAPTURE_AUTORELEASING = YES;
				CLANG_WARN_BOOL_CONVERSION = YES;
				CLANG_WARN_COMMA = YES;
				CLANG_WARN_CONSTANT_CONVERSION = YES;
				CLANG_WARN_DEPRECATED_OBJC_IMPLEMENTATIONS = YES;
				CLANG_WARN_DIRECT_OBJC_ISA_USAGE = YES_ERROR;
				CLANG_WARN_DOCUMENTATION_COMMENTS = YES;
				CLANG_WARN_EMPTY_BODY = YES;
				CLANG_WARN_ENUM_CONVERSION = YES;
				CLANG_WARN_INFINITE_RECURSION = YES;
				CLANG_WARN_INT_CONVERSION = YES;
				CLANG_WARN_NON_LITERAL_NULL_CONVERSION = YES;
				CLANG_WARN_OBJC_IMPLICIT_RETAIN_SELF = YES;
				CLANG_WARN_OBJC_LITERAL_CONVERSION = YES;
				CLANG_WARN_OBJC_ROOT_CLASS = YES_ERROR;
				CLANG_WARN_QUOTED_INCLUDE_IN_FRAMEWORK_HEADER = YES;
				CLANG_WARN_RANGE_LOOP_ANALYSIS = YES;
				CLANG_WARN_STRICT_PROTOTYPES = YES;
				CLANG_WARN_SUSPICIOUS_MOVE = YES;
				CLANG_WARN_UNGUARDED_AVAILABILITY = YES_AGGRESSIVE;
				CLANG_WARN_UNREACHABLE_CODE = YES;
				CLANG_WARN__DUPLICATE_METHOD_MATCH = YES;
				COPY_PHASE_STRIP = NO;
				DEBUG_INFORMATION_FORMAT = dwarf;
				ENABLE_STRICT_OBJC_MSGSEND = YES;
				ENABLE_TESTABILITY = YES;
				GCC_C_LANGUAGE_STANDARD = gnu11;
				GCC_DYNAMIC_NO_PIC = NO;
				GCC_NO_COMMON_BLOCKS = YES;
				GCC_OPTIMIZATION_LEVEL = 0;
				GCC_PREPROCESSOR_DEFINITIONS = (
					"DEBUG=1",
					"$(inherited)",
				);
				GCC_WARN_64_TO_32_BIT_CONVERSION = YES;
				GCC_WARN_ABOUT_RETURN_TYPE = YES_ERROR;
				GCC_WARN_UNDECLARED_SELECTOR = YES;
				GCC_WARN_UNINITIALIZED_AUTOS = YES_AGGRESSIVE;
				GCC_WARN_UNUSED_FUNCTION = YES;
				GCC_WARN_UNUSED_VARIABLE = YES;
				IPHONEOS_DEPLOYMENT_TARGET = 15.5;
				MTL_ENABLE_DEBUG_INFO = INCLUDE_SOURCE;
				MTL_FAST_MATH = YES;
				ONLY_ACTIVE_ARCH = YES;
				SDKROOT = iphoneos;
				SWIFT_ACTIVE_COMPILATION_CONDITIONS = DEBUG;
				SWIFT_OPTIMIZATION_LEVEL = "-Onone";
			};
			name = Debug;
		};
		DB80CD6228CDB98A0059799D /* Release */ = {
			isa = XCBuildConfiguration;
			buildSettings = {
				ALWAYS_SEARCH_USER_PATHS = NO;
				CLANG_ANALYZER_NONNULL = YES;
				CLANG_ANALYZER_NUMBER_OBJECT_CONVERSION = YES_AGGRESSIVE;
				CLANG_CXX_LANGUAGE_STANDARD = "gnu++17";
				CLANG_ENABLE_MODULES = YES;
				CLANG_ENABLE_OBJC_ARC = YES;
				CLANG_ENABLE_OBJC_WEAK = YES;
				CLANG_WARN_BLOCK_CAPTURE_AUTORELEASING = YES;
				CLANG_WARN_BOOL_CONVERSION = YES;
				CLANG_WARN_COMMA = YES;
				CLANG_WARN_CONSTANT_CONVERSION = YES;
				CLANG_WARN_DEPRECATED_OBJC_IMPLEMENTATIONS = YES;
				CLANG_WARN_DIRECT_OBJC_ISA_USAGE = YES_ERROR;
				CLANG_WARN_DOCUMENTATION_COMMENTS = YES;
				CLANG_WARN_EMPTY_BODY = YES;
				CLANG_WARN_ENUM_CONVERSION = YES;
				CLANG_WARN_INFINITE_RECURSION = YES;
				CLANG_WARN_INT_CONVERSION = YES;
				CLANG_WARN_NON_LITERAL_NULL_CONVERSION = YES;
				CLANG_WARN_OBJC_IMPLICIT_RETAIN_SELF = YES;
				CLANG_WARN_OBJC_LITERAL_CONVERSION = YES;
				CLANG_WARN_OBJC_ROOT_CLASS = YES_ERROR;
				CLANG_WARN_QUOTED_INCLUDE_IN_FRAMEWORK_HEADER = YES;
				CLANG_WARN_RANGE_LOOP_ANALYSIS = YES;
				CLANG_WARN_STRICT_PROTOTYPES = YES;
				CLANG_WARN_SUSPICIOUS_MOVE = YES;
				CLANG_WARN_UNGUARDED_AVAILABILITY = YES_AGGRESSIVE;
				CLANG_WARN_UNREACHABLE_CODE = YES;
				CLANG_WARN__DUPLICATE_METHOD_MATCH = YES;
				COPY_PHASE_STRIP = NO;
				DEBUG_INFORMATION_FORMAT = "dwarf-with-dsym";
				ENABLE_NS_ASSERTIONS = NO;
				ENABLE_STRICT_OBJC_MSGSEND = YES;
				GCC_C_LANGUAGE_STANDARD = gnu11;
				GCC_NO_COMMON_BLOCKS = YES;
				GCC_WARN_64_TO_32_BIT_CONVERSION = YES;
				GCC_WARN_ABOUT_RETURN_TYPE = YES_ERROR;
				GCC_WARN_UNDECLARED_SELECTOR = YES;
				GCC_WARN_UNINITIALIZED_AUTOS = YES_AGGRESSIVE;
				GCC_WARN_UNUSED_FUNCTION = YES;
				GCC_WARN_UNUSED_VARIABLE = YES;
				IPHONEOS_DEPLOYMENT_TARGET = 15.5;
				MTL_ENABLE_DEBUG_INFO = NO;
				MTL_FAST_MATH = YES;
				SDKROOT = iphoneos;
				SWIFT_COMPILATION_MODE = wholemodule;
				SWIFT_OPTIMIZATION_LEVEL = "-O";
				VALIDATE_PRODUCT = YES;
			};
			name = Release;
		};
		DB80CD6428CDB98A0059799D /* Debug */ = {
			isa = XCBuildConfiguration;
			buildSettings = {
				ASSETCATALOG_COMPILER_APPICON_NAME = AppIcon;
				ASSETCATALOG_COMPILER_GLOBAL_ACCENT_COLOR_NAME = AccentColor;
				CODE_SIGN_STYLE = Automatic;
				CURRENT_PROJECT_VERSION = 1;
				GENERATE_INFOPLIST_FILE = YES;
				INFOPLIST_FILE = Test11/Info.plist;
				INFOPLIST_KEY_UIApplicationSupportsIndirectInputEvents = YES;
				INFOPLIST_KEY_UILaunchStoryboardName = LaunchScreen;
				INFOPLIST_KEY_UIMainStoryboardFile = Main;
				INFOPLIST_KEY_UISupportedInterfaceOrientations_iPad = "UIInterfaceOrientationPortrait UIInterfaceOrientationPortraitUpsideDown UIInterfaceOrientationLandscapeLeft UIInterfaceOrientationLandscapeRight";
				INFOPLIST_KEY_UISupportedInterfaceOrientations_iPhone = "UIInterfaceOrientationPortrait UIInterfaceOrientationLandscapeLeft UIInterfaceOrientationLandscapeRight";
				LD_RUNPATH_SEARCH_PATHS = (
					"$(inherited)",
					"@executable_path/Frameworks",
				);
				MARKETING_VERSION = 1.0;
				PRODUCT_BUNDLE_IDENTIFIER = psj.Test11;
				PRODUCT_NAME = "$(TARGET_NAME)";
				SWIFT_EMIT_LOC_STRINGS = YES;
				SWIFT_VERSION = 5.0;
				TARGETED_DEVICE_FAMILY = "1,2";
			};
			name = Debug;
		};
		DB80CD6528CDB98A0059799D /* Release */ = {
			isa = XCBuildConfiguration;
			buildSettings = {
				ASSETCATALOG_COMPILER_APPICON_NAME = AppIcon;
				ASSETCATALOG_COMPILER_GLOBAL_ACCENT_COLOR_NAME = AccentColor;
				CODE_SIGN_STYLE = Automatic;
				CURRENT_PROJECT_VERSION = 1;
				GENERATE_INFOPLIST_FILE = YES;
				INFOPLIST_FILE = Test11/Info.plist;
				INFOPLIST_KEY_UIApplicationSupportsIndirectInputEvents = YES;
				INFOPLIST_KEY_UILaunchStoryboardName = LaunchScreen;
				INFOPLIST_KEY_UIMainStoryboardFile = Main;
				INFOPLIST_KEY_UISupportedInterfaceOrientations_iPad = "UIInterfaceOrientationPortrait UIInterfaceOrientationPortraitUpsideDown UIInterfaceOrientationLandscapeLeft UIInterfaceOrientationLandscapeRight";
				INFOPLIST_KEY_UISupportedInterfaceOrientations_iPhone = "UIInterfaceOrientationPortrait UIInterfaceOrientationLandscapeLeft UIInterfaceOrientationLandscapeRight";
				LD_RUNPATH_SEARCH_PATHS = (
					"$(inherited)",
					"@executable_path/Frameworks",
				);
				MARKETING_VERSION = 1.0;
				PRODUCT_BUNDLE_IDENTIFIER = psj.Test11;
				PRODUCT_NAME = "$(TARGET_NAME)";
				SWIFT_EMIT_LOC_STRINGS = YES;
				SWIFT_VERSION = 5.0;
				TARGETED_DEVICE_FAMILY = "1,2";
			};
			name = Release;
		};
/* End XCBuildConfiguration section */

/* Begin XCConfigurationList section */
		DB80CD4A28CDB9880059799D /* Build configuration list for PBXProject "Test11" */ = {
			isa = XCConfigurationList;
			buildConfigurations = (
				DB80CD6128CDB98A0059799D /* Debug */,
				DB80CD6228CDB98A0059799D /* Release */,
			);
			defaultConfigurationIsVisible = 0;
			defaultConfigurationName = Release;
		};
		DB80CD6328CDB98A0059799D /* Build configuration list for PBXNativeTarget "Test11" */ = {
			isa = XCConfigurationList;
			buildConfigurations = (
				DB80CD6428CDB98A0059799D /* Debug */,
				DB80CD6528CDB98A0059799D /* Release */,
			);
			defaultConfigurationIsVisible = 0;
			defaultConfigurationName = Release;
		};
/* End XCConfigurationList section */
	};
	rootObject = DB80CD4728CDB9880059799D /* Project object */;
}
